# This file is automatically @generated by Cargo.
# It is not intended for manual editing.
version = 4

[[package]]
name = "rusktop-app"
version = "0.1.0"
dependencies = [
 "rusktop-core",
 "rusktop-ui",
]

[[package]]
name = "rusktop-core"
version = "0.1.0"

[[package]]
name = "rusktop-ui"
version = "0.1.0"
dependencies = [
 "rusktop-core",
]
